// !$*UTF8*$!
{
	archiveVersion = 1;
	classes = {
	};
	objectVersion = 46;
	objects = {

/* Begin PBXBuildFile section */
		1ED722FE19962E6A00D6666F /* AppDelegate.swift in Sources */ = {isa = PBXBuildFile; fileRef = 1ED722FD19962E6A00D6666F /* AppDelegate.swift */; };
		1ED7230019962E6A00D6666F /* ViewController.swift in Sources */ = {isa = PBXBuildFile; fileRef = 1ED722FF19962E6A00D6666F /* ViewController.swift */; };
		1ED7230319962E6B00D6666F /* Main.storyboard in Resources */ = {isa = PBXBuildFile; fileRef = 1ED7230119962E6B00D6666F /* Main.storyboard */; };
		1ED7230519962E6B00D6666F /* Images.xcassets in Resources */ = {isa = PBXBuildFile; fileRef = 1ED7230419962E6B00D6666F /* Images.xcassets */; };
		1ED7231119962E6B00D6666F /* NotificationsTests.swift in Sources */ = {isa = PBXBuildFile; fileRef = 1ED7231019962E6B00D6666F /* NotificationsTests.swift */; };
/* End PBXBuildFile section */

/* Begin PBXContainerItemProxy section */
		1ED7230B19962E6B00D6666F /* PBXContainerItemProxy */ = {
			isa = PBXContainerItemProxy;
			containerPortal = 1ED722F019962E6A00D6666F /* Project object */;
			proxyType = 1;
			remoteGlobalIDString = 1ED722F719962E6A00D6666F;
			remoteInfo = Notifications;
		};
/* End PBXContainerItemProxy section */

/* Begin PBXFileReference section */
		1ED722F819962E6A00D6666F /* Notifications.app */ = {isa = PBXFileReference; explicitFileType = wrapper.application; includeInIndex = 0; path = Notifications.app; sourceTree = BUILT_PRODUCTS_DIR; };
		1ED722FC19962E6A00D6666F /* Info.plist */ = {isa = PBXFileReference; lastKnownFileType = text.plist.xml; path = Info.plist; sourceTree = "<group>"; };
		1ED722FD19962E6A00D6666F /* AppDelegate.swift */ = {isa = PBXFileReference; lastKnownFileType = sourcecode.swift; path = AppDelegate.swift; sourceTree = "<group>"; };
		1ED722FF19962E6A00D6666F /* ViewController.swift */ = {isa = PBXFileReference; lastKnownFileType = sourcecode.swift; path = ViewController.swift; sourceTree = "<group>"; };
		1ED7230219962E6B00D6666F /* Base */ = {isa = PBXFileReference; lastKnownFileType = file.storyboard; name = Base; path = Base.lproj/Main.storyboard; sourceTree = "<group>"; };
		1ED7230419962E6B00D6666F /* Images.xcassets */ = {isa = PBXFileReference; lastKnownFileType = folder.assetcatalog; path = Images.xcassets; sourceTree = "<group>"; };
		1ED7230A19962E6B00D6666F /* NotificationsTests.xctest */ = {isa = PBXFileReference; explicitFileType = wrapper.cfbundle; includeInIndex = 0; path = NotificationsTests.xctest; sourceTree = BUILT_PRODUCTS_DIR; };
		1ED7230F19962E6B00D6666F /* Info.plist */ = {isa = PBXFileReference; lastKnownFileType = text.plist.xml; path = Info.plist; sourceTree = "<group>"; };
		1ED7231019962E6B00D6666F /* NotificationsTests.swift */ = {isa = PBXFileReference; lastKnownFileType = sourcecode.swift; path = NotificationsTests.swift; sourceTree = "<group>"; };
/* End PBXFileReference section */

/* Begin PBXFrameworksBuildPhase section */
		1ED722F519962E6A00D6666F /* Frameworks */ = {
			isa = PBXFrameworksBuildPhase;
			buildActionMask = 2147483647;
			files = (
			);
			runOnlyForDeploymentPostprocessing = 0;
		};
		1ED7230719962E6B00D6666F /* Frameworks */ = {
			isa = PBXFrameworksBuildPhase;
			buildActionMask = 2147483647;
			files = (
			);
			runOnlyForDeploymentPostprocessing = 0;
		};
/* End PBXFrameworksBuildPhase section */

/* Begin PBXGroup section */
		1ED722EF19962E6A00D6666F = {
			isa = PBXGroup;
			children = (
				1ED722FA19962E6A00D6666F /* Notifications */,
				1ED7230D19962E6B00D6666F /* NotificationsTests */,
				1ED722F919962E6A00D6666F /* Products */,
			);
			sourceTree = "<group>";
		};
		1ED722F919962E6A00D6666F /* Products */ = {
			isa = PBXGroup;
			children = (
				1ED722F819962E6A00D6666F /* Notifications.app */,
				1ED7230A19962E6B00D6666F /* NotificationsTests.xctest */,
			);
			name = Products;
			sourceTree = "<group>";
		};
		1ED722FA19962E6A00D6666F /* Notifications */ = {
			isa = PBXGroup;
			children = (
				1ED722FD19962E6A00D6666F /* AppDelegate.swift */,
				1ED722FF19962E6A00D6666F /* ViewController.swift */,
				1ED7230119962E6B00D6666F /* Main.storyboard */,
				1ED7230419962E6B00D6666F /* Images.xcassets */,
				1ED722FB19962E6A00D6666F /* Supporting Files */,
			);
			path = Notifications;
			sourceTree = "<group>";
		};
		1ED722FB19962E6A00D6666F /* Supporting Files */ = {
			isa = PBXGroup;
			children = (
				1ED722FC19962E6A00D6666F /* Info.plist */,
			);
			name = "Supporting Files";
			sourceTree = "<group>";
		};
		1ED7230D19962E6B00D6666F /* NotificationsTests */ = {
			isa = PBXGroup;
			children = (
				1ED7231019962E6B00D6666F /* NotificationsTests.swift */,
				1ED7230E19962E6B00D6666F /* Supporting Files */,
			);
			path = NotificationsTests;
			sourceTree = "<group>";
		};
		1ED7230E19962E6B00D6666F /* Supporting Files */ = {
			isa = PBXGroup;
			children = (
				1ED7230F19962E6B00D6666F /* Info.plist */,
			);
			name = "Supporting Files";
			sourceTree = "<group>";
		};
/* End PBXGroup section */

/* Begin PBXNativeTarget section */
		1ED722F719962E6A00D6666F /* Notifications */ = {
			isa = PBXNativeTarget;
			buildConfigurationList = 1ED7231419962E6B00D6666F /* Build configuration list for PBXNativeTarget "Notifications" */;
			buildPhases = (
				1ED722F419962E6A00D6666F /* Sources */,
				1ED722F519962E6A00D6666F /* Frameworks */,
				1ED722F619962E6A00D6666F /* Resources */,
			);
			buildRules = (
			);
			dependencies = (
			);
			name = Notifications;
			productName = Notifications;
			productReference = 1ED722F819962E6A00D6666F /* Notifications.app */;
			productType = "com.apple.product-type.application";
		};
		1ED7230919962E6B00D6666F /* NotificationsTests */ = {
			isa = PBXNativeTarget;
			buildConfigurationList = 1ED7231719962E6B00D6666F /* Build configuration list for PBXNativeTarget "NotificationsTests" */;
			buildPhases = (
				1ED7230619962E6B00D6666F /* Sources */,
				1ED7230719962E6B00D6666F /* Frameworks */,
				1ED7230819962E6B00D6666F /* Resources */,
			);
			buildRules = (
			);
			dependencies = (
				1ED7230C19962E6B00D6666F /* PBXTargetDependency */,
			);
			name = NotificationsTests;
			productName = NotificationsTests;
			productReference = 1ED7230A19962E6B00D6666F /* NotificationsTests.xctest */;
			productType = "com.apple.product-type.bundle.unit-test";
		};
/* End PBXNativeTarget section */

/* Begin PBXProject section */
		1ED722F019962E6A00D6666F /* Project object */ = {
			isa = PBXProject;
			attributes = {
				LastUpgradeCheck = 0600;
				ORGANIZATIONNAME = "Yuto Kitakuni";
				TargetAttributes = {
					1ED722F719962E6A00D6666F = {
						CreatedOnToolsVersion = 6.0;
					};
					1ED7230919962E6B00D6666F = {
						CreatedOnToolsVersion = 6.0;
						TestTargetID = 1ED722F719962E6A00D6666F;
					};
				};
			};
			buildConfigurationList = 1ED722F319962E6A00D6666F /* Build configuration list for PBXProject "Notifications" */;
			compatibilityVersion = "Xcode 3.2";
			developmentRegion = English;
			hasScannedForEncodings = 0;
			knownRegions = (
				en,
				Base,
			);
			mainGroup = 1ED722EF19962E6A00D6666F;
			productRefGroup = 1ED722F919962E6A00D6666F /* Products */;
			projectDirPath = "";
			projectRoot = "";
			targets = (
				1ED722F719962E6A00D6666F /* Notifications */,
				1ED7230919962E6B00D6666F /* NotificationsTests */,
			);
		};
/* End PBXProject section */

/* Begin PBXResourcesBuildPhase section */
		1ED722F619962E6A00D6666F /* Resources */ = {
			isa = PBXResourcesBuildPhase;
			buildActionMask = 2147483647;
			files = (
				1ED7230319962E6B00D6666F /* Main.storyboard in Resources */,
				1ED7230519962E6B00D6666F /* Images.xcassets in Resources */,
			);
			runOnlyForDeploymentPostprocessing = 0;
		};
		1ED7230819962E6B00D6666F /* Resources */ = {
			isa = PBXResourcesBuildPhase;
			buildActionMask = 2147483647;
			files = (
			);
			runOnlyForDeploymentPostprocessing = 0;
		};
/* End PBXResourcesBuildPhase section */

/* Begin PBXSourcesBuildPhase section */
		1ED722F419962E6A00D6666F /* Sources */ = {
			isa = PBXSourcesBuildPhase;
			buildActionMask = 2147483647;
			files = (
				1ED7230019962E6A00D6666F /* ViewController.swift in Sources */,
				1ED722FE19962E6A00D6666F /* AppDelegate.swift in Sources */,
			);
			runOnlyForDeploymentPostprocessing = 0;
		};
		1ED7230619962E6B00D6666F /* Sources */ = {
			isa = PBXSourcesBuildPhase;
			buildActionMask = 2147483647;
			files = (
				1ED7231119962E6B00D6666F /* NotificationsTests.swift in Sources */,
			);
			runOnlyForDeploymentPostprocessing = 0;
		};
/* End PBXSourcesBuildPhase section */

/* Begin PBXTargetDependency section */
		1ED7230C19962E6B00D6666F /* PBXTargetDependency */ = {
			isa = PBXTargetDependency;
			target = 1ED722F719962E6A00D6666F /* Notifications */;
			targetProxy = 1ED7230B19962E6B00D6666F /* PBXContainerItemProxy */;
		};
/* End PBXTargetDependency section */

/* Begin PBXVariantGroup section */
		1ED7230119962E6B00D6666F /* Main.storyboard */ = {
			isa = PBXVariantGroup;
			children = (
				1ED7230219962E6B00D6666F /* Base */,
			);
			name = Main.storyboard;
			sourceTree = "<group>";
		};
/* End PBXVariantGroup section */

/* Begin XCBuildConfiguration section */
		1ED7231219962E6B00D6666F /* Debug */ = {
			isa = XCBuildConfiguration;
			buildSettings = {
				ALWAYS_SEARCH_USER_PATHS = NO;
				CLANG_CXX_LANGUAGE_STANDARD = "gnu++0x";
				CLANG_CXX_LIBRARY = "libc++";
				CLANG_ENABLE_MODULES = YES;
				CLANG_ENABLE_OBJC_ARC = YES;
				CLANG_WARN_BOOL_CONVERSION = YES;
				CLANG_WARN_CONSTANT_CONVERSION = YES;
				CLANG_WARN_DIRECT_OBJC_ISA_USAGE = YES_ERROR;
				CLANG_WARN_EMPTY_BODY = YES;
				CLANG_WARN_ENUM_CONVERSION = YES;
				CLANG_WARN_INT_CONVERSION = YES;
				CLANG_WARN_OBJC_ROOT_CLASS = YES_ERROR;
				CLANG_WARN_UNREACHABLE_CODE = YES;
				CLANG_WARN__DUPLICATE_METHOD_MATCH = YES;
				"CODE_SIGN_IDENTITY[sdk=iphoneos*]" = "iPhone Developer";
				COPY_PHASE_STRIP = NO;
				ENABLE_STRICT_OBJC_MSGSEND = YES;
				GCC_C_LANGUAGE_STANDARD = gnu99;
				GCC_DYNAMIC_NO_PIC = NO;
				GCC_OPTIMIZATION_LEVEL = 0;
				GCC_PREPROCESSOR_DEFINITIONS = (
					"DEBUG=1",
					"$(inherited)",
				);
				GCC_SYMBOLS_PRIVATE_EXTERN = NO;
				GCC_WARN_64_TO_32_BIT_CONVERSION = YES;
				GCC_WARN_ABOUT_RETURN_TYPE = YES_ERROR;
				GCC_WARN_UNDECLARED_SELECTOR = YES;
				GCC_WARN_UNINITIALIZED_AUTOS = YES_AGGRESSIVE;
				GCC_WARN_UNUSED_FUNCTION = YES;
				GCC_WARN_UNUSED_VARIABLE = YES;
				IPHONEOS_DEPLOYMENT_TARGET = 8.0;
				MTL_ENABLE_DEBUG_INFO = YES;
				ONLY_ACTIVE_ARCH = YES;
				SDKROOT = iphoneos;
				SWIFT_OPTIMIZATION_LEVEL = "-Onone";
			};
			name = Debug;
		};
		1ED7231319962E6B00D6666F /* Release */ = {
			isa = XCBuildConfiguration;
			buildSettings = {
				ALWAYS_SEARCH_USER_PATHS = NO;
				CLANG_CXX_LANGUAGE_STANDARD = "gnu++0x";
				CLANG_CXX_LIBRARY = "libc++";
				CLANG_ENABLE_MODULES = YES;
				CLANG_ENABLE_OBJC_ARC = YES;
				CLANG_WARN_BOOL_CONVERSION = YES;
				CLANG_WARN_CONSTANT_CONVERSION = YES;
				CLANG_WARN_DIRECT_OBJC_ISA_USAGE = YES_ERROR;
				CLANG_WARN_EMPTY_BODY = YES;
				CLANG_WARN_ENUM_CONVERSION = YES;
				CLANG_WARN_INT_CONVERSION = YES;
				CLANG_WARN_OBJC_ROOT_CLASS = YES_ERROR;
				CLANG_WARN_UNREACHABLE_CODE = YES;
				CLANG_WARN__DUPLICATE_METHOD_MATCH = YES;
				"CODE_SIGN_IDENTITY[sdk=iphoneos*]" = "iPhone Developer";
				COPY_PHASE_STRIP = YES;
				ENABLE_NS_ASSERTIONS = NO;
				ENABLE_STRICT_OBJC_MSGSEND = YES;
				GCC_C_LANGUAGE_STANDARD = gnu99;
				GCC_WARN_64_TO_32_BIT_CONVERSION = YES;
				GCC_WARN_ABOUT_RETURN_TYPE = YES_ERROR;
				GCC_WARN_UNDECLARED_SELECTOR = YES;
				GCC_WARN_UNINITIALIZED_AUTOS = YES_AGGRESSIVE;
				GCC_WARN_UNUSED_FUNCTION = YES;
				GCC_WARN_UNUSED_VARIABLE = YES;
				IPHONEOS_DEPLOYMENT_TARGET = 8.0;
				MTL_ENABLE_DEBUG_INFO = NO;
				SDKROOT = iphoneos;
				VALIDATE_PRODUCT = YES;
			};
			name = Release;
		};
		1ED7231519962E6B00D6666F /* Debug */ = {
			isa = XCBuildConfiguration;
			buildSettings = {
				ASSETCATALOG_COMPILER_APPICON_NAME = AppIcon;
				ASSETCATALOG_COMPILER_LAUNCHIMAGE_NAME = LaunchImage;
				INFOPLIST_FILE = Notifications/Info.plist;
				LD_RUNPATH_SEARCH_PATHS = "$(inherited) @executable_path/Frameworks";
				PRODUCT_NAME = "$(TARGET_NAME)";
			};
			name = Debug;
		};
		1ED7231619962E6B00D6666F /* Release */ = {
			isa = XCBuildConfiguration;
			buildSettings = {
				ASSETCATALOG_COMPILER_APPICON_NAME = AppIcon;
				ASSETCATALOG_COMPILER_LAUNCHIMAGE_NAME = LaunchImage;
				INFOPLIST_FILE = Notifications/Info.plist;
				LD_RUNPATH_SEARCH_PATHS = "$(inherited) @executable_path/Frameworks";
				PRODUCT_NAME = "$(TARGET_NAME)";
			};
			name = Release;
		};
		1ED7231819962E6B00D6666F /* Debug */ = {
			isa = XCBuildConfiguration;
			buildSettings = {
				BUNDLE_LOADER = "$(BUILT_PRODUCTS_DIR)/Notifications.app/Notifications";
				FRAMEWORK_SEARCH_PATHS = (
					"$(SDKROOT)/Developer/Library/Frameworks",
					"$(inherited)",
				);
				GCC_PREPROCESSOR_DEFINITIONS = (
					"DEBUG=1",
					"$(inherited)",
				);
				INFOPLIST_FILE = NotificationsTests/Info.plist;
				LD_RUNPATH_SEARCH_PATHS = "$(inherited) @executable_path/Frameworks @loader_path/Frameworks";
				PRODUCT_NAME = "$(TARGET_NAME)";
				TEST_HOST = "$(BUNDLE_LOADER)";
			};
			name = Debug;
		};
		1ED7231919962E6B00D6666F /* Release */ = {
			isa = XCBuildConfiguration;
			buildSettings = {
				BUNDLE_LOADER = "$(BUILT_PRODUCTS_DIR)/Notifications.app/Notifications";
				FRAMEWORK_SEARCH_PATHS = (
					"$(SDKROOT)/Developer/Library/Frameworks",
					"$(inherited)",
				);
				INFOPLIST_FILE = NotificationsTests/Info.plist;
				LD_RUNPATH_SEARCH_PATHS = "$(inherited) @executable_path/Frameworks @loader_path/Frameworks";
				PRODUCT_NAME = "$(TARGET_NAME)";
				TEST_HOST = "$(BUNDLE_LOADER)";
			};
			name = Release;
		};
/* End XCBuildConfiguration section */

/* Begin XCConfigurationList section */
		1ED722F319962E6A00D6666F /* Build configuration list for PBXProject "Notifications" */ = {
			isa = XCConfigurationList;
			buildConfigurations = (
				1ED7231219962E6B00D6666F /* Debug */,
				1ED7231319962E6B00D6666F /* Release */,
			);
			defaultConfigurationIsVisible = 0;
			defaultConfigurationName = Release;
		};
		1ED7231419962E6B00D6666F /* Build configuration list for PBXNativeTarget "Notifications" */ = {
			isa = XCConfigurationList;
			buildConfigurations = (
				1ED7231519962E6B00D6666F /* Debug */,
				1ED7231619962E6B00D6666F /* Release */,
			);
			defaultConfigurationIsVisible = 0;
		};
		1ED7231719962E6B00D6666F /* Build configuration list for PBXNativeTarget "NotificationsTests" */ = {
			isa = XCConfigurationList;
			buildConfigurations = (
				1ED7231819962E6B00D6666F /* Debug */,
				1ED7231919962E6B00D6666F /* Release */,
			);
			defaultConfigurationIsVisible = 0;
		};
/* End XCConfigurationList section */
	};
	rootObject = 1ED722F019962E6A00D6666F /* Project object */;
}
